
Microsoft Visual Studio Solution File, Format Version 12.00
# Visual Studio 15
VisualStudioVersion = 15.0.28307.960
MinimumVisualStudioVersion = 10.0.40219.1
Project("{9A19103F-16F7-4668-BE54-9A1E7A4F7556}") = "SikkimGov.Platform.DataAccess", "SikkimGov.Platform.DataAccess\SikkimGov.Platform.DataAccess.csproj", "{EC360E04-4EB1-44BE-8B76-006669039799}"
EndProject
Project("{9A19103F-16F7-4668-BE54-9A1E7A4F7556}") = "SikkimGov.Platform.Models", "SikkimGov.Platform.Models\SikkimGov.Platform.Models.csproj", "{EB9B1B2A-526E-477A-ACA0-93A3F656F0FF}"
EndProject
Project("{9A19103F-16F7-4668-BE54-9A1E7A4F7556}") = "SikkimGov.Platform.Api", "SikkimGov.Platform.Api\SikkimGov.Platform.Api.csproj", "{95CF569A-12BD-42C6-89AC-F6E1F3338236}"
EndProject
Project("{9A19103F-16F7-4668-BE54-9A1E7A4F7556}") = "SikkimGov.Platform.Business", "SikkimGov.Platform.Business\SikkimGov.Platform.Business.csproj", "{44A20C9A-020C-4366-974A-6F1EDBCEFF09}"
EndProject
Project("{FAE04EC0-301F-11D3-BF4B-00C04F79EFBC}") = "SikkimGov.Platform.Common", "SikkimGov.Platform.Common\SikkimGov.Platform.Common.csproj", "{A3A844F3-79E2-4216-8EEC-CB2E0C307A48}"
EndProject
Global
	GlobalSection(SolutionConfigurationPlatforms) = preSolution
		Debug|Any CPU = Debug|Any CPU
		Release|Any CPU = Release|Any CPU
	EndGlobalSection
	GlobalSection(ProjectConfigurationPlatforms) = postSolution
		{EC360E04-4EB1-44BE-8B76-006669039799}.Debug|Any CPU.ActiveCfg = Debug|Any CPU
		{EC360E04-4EB1-44BE-8B76-006669039799}.Debug|Any CPU.Build.0 = Debug|Any CPU
		{EC360E04-4EB1-44BE-8B76-006669039799}.Release|Any CPU.ActiveCfg = Release|Any CPU
		{EC360E04-4EB1-44BE-8B76-006669039799}.Release|Any CPU.Build.0 = Release|Any CPU
		{EB9B1B2A-526E-477A-ACA0-93A3F656F0FF}.Debug|Any CPU.ActiveCfg = Debug|Any CPU
		{EB9B1B2A-526E-477A-ACA0-93A3F656F0FF}.Debug|Any CPU.Build.0 = Debug|Any CPU
		{EB9B1B2A-526E-477A-ACA0-93A3F656F0FF}.Release|Any CPU.ActiveCfg = Release|Any CPU
		{EB9B1B2A-526E-477A-ACA0-93A3F656F0FF}.Release|Any CPU.Build.0 = Release|Any CPU
		{95CF569A-12BD-42C6-89AC-F6E1F3338236}.Debug|Any CPU.ActiveCfg = Debug|Any CPU
		{95CF569A-12BD-42C6-89AC-F6E1F3338236}.Debug|Any CPU.Build.0 = Debug|Any CPU
		{95CF569A-12BD-42C6-89AC-F6E1F3338236}.Release|Any CPU.ActiveCfg = Release|Any CPU
		{95CF569A-12BD-42C6-89AC-F6E1F3338236}.Release|Any CPU.Build.0 = Release|Any CPU
		{44A20C9A-020C-4366-974A-6F1EDBCEFF09}.Debug|Any CPU.ActiveCfg = Debug|Any CPU
		{44A20C9A-020C-4366-974A-6F1EDBCEFF09}.Debug|Any CPU.Build.0 = Debug|Any CPU
		{44A20C9A-020C-4366-974A-6F1EDBCEFF09}.Release|Any CPU.ActiveCfg = Release|Any CPU
		{44A20C9A-020C-4366-974A-6F1EDBCEFF09}.Release|Any CPU.Build.0 = Release|Any CPU
		{A3A844F3-79E2-4216-8EEC-CB2E0C307A48}.Debug|Any CPU.ActiveCfg = Debug|Any CPU
		{A3A844F3-79E2-4216-8EEC-CB2E0C307A48}.Debug|Any CPU.Build.0 = Debug|Any CPU
		{A3A844F3-79E2-4216-8EEC-CB2E0C307A48}.Release|Any CPU.ActiveCfg = Release|Any CPU
		{A3A844F3-79E2-4216-8EEC-CB2E0C307A48}.Release|Any CPU.Build.0 = Release|Any CPU
	EndGlobalSection
	GlobalSection(SolutionProperties) = preSolution
		HideSolutionNode = FALSE
	EndGlobalSection
	GlobalSection(ExtensibilityGlobals) = postSolution
		SolutionGuid = {3FA5E80A-EEB6-49F7-9C23-F592FB9922AD}
	EndGlobalSection
EndGlobal
